Microsoft Visual Studio Solution File, Format Version 12.00
# Visual Studio Version 17
VisualStudioVersion = 17.5.2.0
MinimumVisualStudioVersion = 10.0.40219.1
Project("{FAE04EC0-301F-11D3-BF4B-00C04F79EFBC}") = "InfoPanel.VBZ", "InfoPanel.VBZ\InfoPanel.VBZ.csproj", "{492F8E01-7B24-2FE0-21E3-9AF69BC10F27}"
EndProject
Global
	GlobalSection(SolutionConfigurationPlatforms) = preSolution
		Debug|Any CPU = Debug|Any CPU
		Release|Any CPU = Release|Any CPU
	EndGlobalSection
	GlobalSection(ProjectConfigurationPlatforms) = postSolution
		{492F8E01-7B24-2FE0-21E3-9AF69BC10F27}.Debug|Any CPU.ActiveCfg = Debug|Any CPU
		{492F8E01-7B24-2FE0-21E3-9AF69BC10F27}.Debug|Any CPU.Build.0 = Debug|Any CPU
		{492F8E01-7B24-2FE0-21E3-9AF69BC10F27}.Release|Any CPU.ActiveCfg = Release|Any CPU
		{492F8E01-7B24-2FE0-21E3-9AF69BC10F27}.Release|Any CPU.Build.0 = Release|Any CPU
	EndGlobalSection
	GlobalSection(SolutionProperties) = preSolution
		HideSolutionNode = FALSE
	EndGlobalSection
	GlobalSection(ExtensibilityGlobals) = postSolution
		SolutionGuid = {1462FE9E-4EA9-4716-9738-55C2ADCC751A}
	EndGlobalSection
EndGlobal
